
Microsoft Visual Studio Solution File, Format Version 12.00
# Visual Studio Version 16
VisualStudioVersion = 16.0.32602.291
MinimumVisualStudioVersion = 10.0.40219.1
Project("{FAE04EC0-301F-11D3-BF4B-00C04F79EFBC}") = "WebApi", "WebApi\WebApi.csproj", "{0416843A-3309-477A-AE62-ABD4D263BF1C}"
EndProject
Project("{FAE04EC0-301F-11D3-BF4B-00C04F79EFBC}") = "BusinessLogic", "BusinessLogic\BusinessLogic.csproj", "{F2218655-AF03-46E5-9F9D-DE62BE57EB85}"
EndProject
Project("{FAE04EC0-301F-11D3-BF4B-00C04F79EFBC}") = "Core", "Core\Core.csproj", "{87D702B6-A631-4362-A9B8-B5F3A329B2CB}"
EndProject
Global
	GlobalSection(SolutionConfigurationPlatforms) = preSolution
		Debug|Any CPU = Debug|Any CPU
		Release|Any CPU = Release|Any CPU
	EndGlobalSection
	GlobalSection(ProjectConfigurationPlatforms) = postSolution
		{0416843A-3309-477A-AE62-ABD4D263BF1C}.Debug|Any CPU.ActiveCfg = Debug|Any CPU
		{0416843A-3309-477A-AE62-ABD4D263BF1C}.Debug|Any CPU.Build.0 = Debug|Any CPU
		{0416843A-3309-477A-AE62-ABD4D263BF1C}.Release|Any CPU.ActiveCfg = Release|Any CPU
		{0416843A-3309-477A-AE62-ABD4D263BF1C}.Release|Any CPU.Build.0 = Release|Any CPU
		{F2218655-AF03-46E5-9F9D-DE62BE57EB85}.Debug|Any CPU.ActiveCfg = Debug|Any CPU
		{F2218655-AF03-46E5-9F9D-DE62BE57EB85}.Debug|Any CPU.Build.0 = Debug|Any CPU
		{F2218655-AF03-46E5-9F9D-DE62BE57EB85}.Release|Any CPU.ActiveCfg = Release|Any CPU
		{F2218655-AF03-46E5-9F9D-DE62BE57EB85}.Release|Any CPU.Build.0 = Release|Any CPU
		{87D702B6-A631-4362-A9B8-B5F3A329B2CB}.Debug|Any CPU.ActiveCfg = Debug|Any CPU
		{87D702B6-A631-4362-A9B8-B5F3A329B2CB}.Debug|Any CPU.Build.0 = Debug|Any CPU
		{87D702B6-A631-4362-A9B8-B5F3A329B2CB}.Release|Any CPU.ActiveCfg = Release|Any CPU
		{87D702B6-A631-4362-A9B8-B5F3A329B2CB}.Release|Any CPU.Build.0 = Release|Any CPU
	EndGlobalSection
	GlobalSection(SolutionProperties) = preSolution
		HideSolutionNode = FALSE
	EndGlobalSection
	GlobalSection(ExtensibilityGlobals) = postSolution
		SolutionGuid = {87C58B1E-487B-4E7E-827B-574E7789AFBF}
	EndGlobalSection
EndGlobal
